// !$*UTF8*$!
{
	archiveVersion = 1;
	classes = {
	};
	objectVersion = 46;
	objects = {

/* Begin PBXBuildFile section */
		C32834AEF458E5B129020DC6 /* Pods_Spot_It.framework in Frameworks */ = {isa = PBXBuildFile; fileRef = 86DF6B2B444A1D3251C5B66B /* Pods_Spot_It.framework */; };
		DDA141BF656B200B292E7FC2 /* Pods_Spot_ItTests.framework in Frameworks */ = {isa = PBXBuildFile; fileRef = C3AA1271E524F17D6ED617AF /* Pods_Spot_ItTests.framework */; };
		F30D5E8F1EE597CC00F9C82D /* FindAFriendViewController.swift in Sources */ = {isa = PBXBuildFile; fileRef = F30D5E8E1EE597CC00F9C82D /* FindAFriendViewController.swift */; };
		F3169BA31EB04809005DBCA0 /* AppDelegate.swift in Sources */ = {isa = PBXBuildFile; fileRef = F3169BA21EB04809005DBCA0 /* AppDelegate.swift */; };
		F3169BA81EB04809005DBCA0 /* Main.storyboard in Resources */ = {isa = PBXBuildFile; fileRef = F3169BA61EB04809005DBCA0 /* Main.storyboard */; };
		F3169BAB1EB04809005DBCA0 /* Spot It.xcdatamodeld in Sources */ = {isa = PBXBuildFile; fileRef = F3169BA91EB04809005DBCA0 /* Spot It.xcdatamodeld */; };
		F3169BAD1EB04809005DBCA0 /* Assets.xcassets in Resources */ = {isa = PBXBuildFile; fileRef = F3169BAC1EB04809005DBCA0 /* Assets.xcassets */; };
		F3169BB01EB04809005DBCA0 /* LaunchScreen.storyboard in Resources */ = {isa = PBXBuildFile; fileRef = F3169BAE1EB04809005DBCA0 /* LaunchScreen.storyboard */; };
		F3169BBB1EB04809005DBCA0 /* CarFinderTests.swift in Sources */ = {isa = PBXBuildFile; fileRef = F3169BBA1EB04809005DBCA0 /* CarFinderTests.swift */; };
		F316C20F1EE97AB400FEF885 /* FireBaseDataObject.swift in Sources */ = {isa = PBXBuildFile; fileRef = F316C20E1EE97AB400FEF885 /* FireBaseDataObject.swift */; };
		F32B5D231ECBFA0000F28779 /* Pin.swift in Sources */ = {isa = PBXBuildFile; fileRef = F32B5D221ECBFA0000F28779 /* Pin.swift */; };
		F32B5D251ECBFEA500F28779 /* VCMapView.swift in Sources */ = {isa = PBXBuildFile; fileRef = F32B5D241ECBFEA500F28779 /* VCMapView.swift */; };
		F33421C21EED097F000CF148 /* UserTableViewCell.swift in Sources */ = {isa = PBXBuildFile; fileRef = F33421C11EED097F000CF148 /* UserTableViewCell.swift */; };
		F33A77A71EF1F5FF00A8FCF9 /* FriendsViewController.swift in Sources */ = {isa = PBXBuildFile; fileRef = F33A77A61EF1F5FF00A8FCF9 /* FriendsViewController.swift */; };
		F33A77A91EF2BB9300A8FCF9 /* FriendTableViewCell.swift in Sources */ = {isa = PBXBuildFile; fileRef = F33A77A81EF2BB9300A8FCF9 /* FriendTableViewCell.swift */; };
		F33A77AD1EF39D7B00A8FCF9 /* FriendShareTableViewCell.swift in Sources */ = {isa = PBXBuildFile; fileRef = F33A77AC1EF39D7B00A8FCF9 /* FriendShareTableViewCell.swift */; };
		F33B50281EEECAA300719443 /* FriendRequestViewController.swift in Sources */ = {isa = PBXBuildFile; fileRef = F33B50271EEECAA300719443 /* FriendRequestViewController.swift */; };
		F34077DC1EF8905E00E02394 /* AccountViewController.swift in Sources */ = {isa = PBXBuildFile; fileRef = F34077DB1EF8905E00E02394 /* AccountViewController.swift */; };
		F340B40D1EE19AEC002C5EA7 /* MenuController.swift in Sources */ = {isa = PBXBuildFile; fileRef = F340B40C1EE19AEC002C5EA7 /* MenuController.swift */; };
		F34460531EF01EB400CAB26C /* FriendRequestTableViewCell.swift in Sources */ = {isa = PBXBuildFile; fileRef = F34460521EF01EB400CAB26C /* FriendRequestTableViewCell.swift */; };
		F37285121ED52DF100A3E4A3 /* PinTableViewCell.swift in Sources */ = {isa = PBXBuildFile; fileRef = F37285111ED52DF100A3E4A3 /* PinTableViewCell.swift */; };
		F37811CA1F0AF10400933ED3 /* GoogleService-Info.plist in Resources */ = {isa = PBXBuildFile; fileRef = F37811C91F0AF10400933ED3 /* GoogleService-Info.plist */; };
		F37CC4291EFC8BD4006AA013 /* Extensions.swift in Sources */ = {isa = PBXBuildFile; fileRef = F37CC4281EFC8BD4006AA013 /* Extensions.swift */; };
		F37FE28F1EDEF17200496110 /* User.swift in Sources */ = {isa = PBXBuildFile; fileRef = F37FE28E1EDEF17200496110 /* User.swift */; };
		F38699EC1EBD417E006D43E1 /* RegisterViewController.swift in Sources */ = {isa = PBXBuildFile; fileRef = F38699EB1EBD417E006D43E1 /* RegisterViewController.swift */; };
		F38699F31EBE500F006D43E1 /* MainViewController.swift in Sources */ = {isa = PBXBuildFile; fileRef = F38699F21EBE500F006D43E1 /* MainViewController.swift */; };
		F39730541EBAE8BC00EADFC8 /* LoginViewController.swift in Sources */ = {isa = PBXBuildFile; fileRef = F39730531EBAE8BC00EADFC8 /* LoginViewController.swift */; };
		F3B1642B1ECAC36A000BED95 /* SetAPinViewController.swift in Sources */ = {isa = PBXBuildFile; fileRef = F3B1642A1ECAC36A000BED95 /* SetAPinViewController.swift */; };
		F3D250E31F09FE7C006BA04E /* SWRevealViewController.m in Sources */ = {isa = PBXBuildFile; fileRef = F3D250E21F09FE7C006BA04E /* SWRevealViewController.m */; };
		F3D2760C1ED3E29B0050F9F1 /* ShareViewController.swift in Sources */ = {isa = PBXBuildFile; fileRef = F3D2760B1ED3E29B0050F9F1 /* ShareViewController.swift */; };
		F3DF45271F046F9E001E9056 /* LoadingOverlay.swift in Sources */ = {isa = PBXBuildFile; fileRef = F3DF45261F046F9E001E9056 /* LoadingOverlay.swift */; };
/* End PBXBuildFile section */

/* Begin PBXContainerItemProxy section */
		F3169BB71EB04809005DBCA0 /* PBXContainerItemProxy */ = {
			isa = PBXContainerItemProxy;
			containerPortal = F3169B971EB04809005DBCA0 /* Project object */;
			proxyType = 1;
			remoteGlobalIDString = F3169B9E1EB04809005DBCA0;
			remoteInfo = CarFinder;
		};
/* End PBXContainerItemProxy section */

/* Begin PBXFileReference section */
		24BC8A2C99E9228620520AC7 /* Pods-Spot ItTests.debug.xcconfig */ = {isa = PBXFileReference; includeInIndex = 1; lastKnownFileType = text.xcconfig; name = "Pods-Spot ItTests.debug.xcconfig"; path = "Pods/Target Support Files/Pods-Spot ItTests/Pods-Spot ItTests.debug.xcconfig"; sourceTree = "<group>"; };
		4B90D45AA6BC8D65A8BD00D9 /* Pods-Spot It.release.xcconfig */ = {isa = PBXFileReference; includeInIndex = 1; lastKnownFileType = text.xcconfig; name = "Pods-Spot It.release.xcconfig"; path = "Pods/Target Support Files/Pods-Spot It/Pods-Spot It.release.xcconfig"; sourceTree = "<group>"; };
		4C79AC3E1C24D86899B78A27 /* Pods-Spot ItTests.release.xcconfig */ = {isa = PBXFileReference; includeInIndex = 1; lastKnownFileType = text.xcconfig; name = "Pods-Spot ItTests.release.xcconfig"; path = "Pods/Target Support Files/Pods-Spot ItTests/Pods-Spot ItTests.release.xcconfig"; sourceTree = "<group>"; };
		5852638C610F9FE8876B8164 /* Pods-Spot It.debug.xcconfig */ = {isa = PBXFileReference; includeInIndex = 1; lastKnownFileType = text.xcconfig; name = "Pods-Spot It.debug.xcconfig"; path = "Pods/Target Support Files/Pods-Spot It/Pods-Spot It.debug.xcconfig"; sourceTree = "<group>"; };
		86DF6B2B444A1D3251C5B66B /* Pods_Spot_It.framework */ = {isa = PBXFileReference; explicitFileType = wrapper.framework; includeInIndex = 0; path = Pods_Spot_It.framework; sourceTree = BUILT_PRODUCTS_DIR; };
		C3AA1271E524F17D6ED617AF /* Pods_Spot_ItTests.framework */ = {isa = PBXFileReference; explicitFileType = wrapper.framework; includeInIndex = 0; path = Pods_Spot_ItTests.framework; sourceTree = BUILT_PRODUCTS_DIR; };
		F30D5E8E1EE597CC00F9C82D /* FindAFriendViewController.swift */ = {isa = PBXFileReference; fileEncoding = 4; lastKnownFileType = sourcecode.swift; path = FindAFriendViewController.swift; sourceTree = "<group>"; };
		F3169B9F1EB04809005DBCA0 /* Spot It.app */ = {isa = PBXFileReference; explicitFileType = wrapper.application; includeInIndex = 0; path = "Spot It.app"; sourceTree = BUILT_PRODUCTS_DIR; };
		F3169BA21EB04809005DBCA0 /* AppDelegate.swift */ = {isa = PBXFileReference; lastKnownFileType = sourcecode.swift; path = AppDelegate.swift; sourceTree = "<group>"; };
		F3169BA71EB04809005DBCA0 /* Base */ = {isa = PBXFileReference; lastKnownFileType = file.storyboard; name = Base; path = Base.lproj/Main.storyboard; sourceTree = "<group>"; };
		F3169BAA1EB04809005DBCA0 /* Spot It.xcdatamodel */ = {isa = PBXFileReference; lastKnownFileType = wrapper.xcdatamodel; path = "Spot It.xcdatamodel"; sourceTree = "<group>"; };
		F3169BAC1EB04809005DBCA0 /* Assets.xcassets */ = {isa = PBXFileReference; lastKnownFileType = folder.assetcatalog; path = Assets.xcassets; sourceTree = "<group>"; };
		F3169BAF1EB04809005DBCA0 /* Base */ = {isa = PBXFileReference; lastKnownFileType = file.storyboard; name = Base; path = Base.lproj/LaunchScreen.storyboard; sourceTree = "<group>"; };
		F3169BB11EB04809005DBCA0 /* Info.plist */ = {isa = PBXFileReference; lastKnownFileType = text.plist.xml; path = Info.plist; sourceTree = "<group>"; };
		F3169BB61EB04809005DBCA0 /* Spot ItTests.xctest */ = {isa = PBXFileReference; explicitFileType = wrapper.cfbundle; includeInIndex = 0; path = "Spot ItTests.xctest"; sourceTree = BUILT_PRODUCTS_DIR; };
		F3169BBA1EB04809005DBCA0 /* CarFinderTests.swift */ = {isa = PBXFileReference; lastKnownFileType = sourcecode.swift; path = CarFinderTests.swift; sourceTree = "<group>"; };
		F3169BBC1EB04809005DBCA0 /* Info.plist */ = {isa = PBXFileReference; lastKnownFileType = text.plist.xml; path = Info.plist; sourceTree = "<group>"; };
		F316C20E1EE97AB400FEF885 /* FireBaseDataObject.swift */ = {isa = PBXFileReference; fileEncoding = 4; lastKnownFileType = sourcecode.swift; path = FireBaseDataObject.swift; sourceTree = "<group>"; };
		F32B5D221ECBFA0000F28779 /* Pin.swift */ = {isa = PBXFileReference; fileEncoding = 4; lastKnownFileType = sourcecode.swift; path = Pin.swift; sourceTree = "<group>"; };
		F32B5D241ECBFEA500F28779 /* VCMapView.swift */ = {isa = PBXFileReference; fileEncoding = 4; lastKnownFileType = sourcecode.swift; path = VCMapView.swift; sourceTree = "<group>"; };
		F33421C11EED097F000CF148 /* UserTableViewCell.swift */ = {isa = PBXFileReference; fileEncoding = 4; lastKnownFileType = sourcecode.swift; path = UserTableViewCell.swift; sourceTree = "<group>"; };
		F33A77A61EF1F5FF00A8FCF9 /* FriendsViewController.swift */ = {isa = PBXFileReference; fileEncoding = 4; lastKnownFileType = sourcecode.swift; name = FriendsViewController.swift; path = ../FriendsViewController.swift; sourceTree = "<group>"; };
		F33A77A81EF2BB9300A8FCF9 /* FriendTableViewCell.swift */ = {isa = PBXFileReference; fileEncoding = 4; lastKnownFileType = sourcecode.swift; name = FriendTableViewCell.swift; path = ../FriendTableViewCell.swift; sourceTree = "<group>"; };
		F33A77AC1EF39D7B00A8FCF9 /* FriendShareTableViewCell.swift */ = {isa = PBXFileReference; fileEncoding = 4; lastKnownFileType = sourcecode.swift; path = FriendShareTableViewCell.swift; sourceTree = "<group>"; };
		F33B50271EEECAA300719443 /* FriendRequestViewController.swift */ = {isa = PBXFileReference; fileEncoding = 4; lastKnownFileType = sourcecode.swift; path = FriendRequestViewController.swift; sourceTree = "<group>"; };
		F34077DB1EF8905E00E02394 /* AccountViewController.swift */ = {isa = PBXFileReference; fileEncoding = 4; lastKnownFileType = sourcecode.swift; path = AccountViewController.swift; sourceTree = "<group>"; };
		F340B40C1EE19AEC002C5EA7 /* MenuController.swift */ = {isa = PBXFileReference; fileEncoding = 4; lastKnownFileType = sourcecode.swift; path = MenuController.swift; sourceTree = "<group>"; };
		F340B4101EE19C07002C5EA7 /* Spot-It-Bridging-Header.h */ = {isa = PBXFileReference; lastKnownFileType = sourcecode.c.h; path = "Spot-It-Bridging-Header.h"; sourceTree = "<group>"; };
		F34460521EF01EB400CAB26C /* FriendRequestTableViewCell.swift */ = {isa = PBXFileReference; fileEncoding = 4; lastKnownFileType = sourcecode.swift; name = FriendRequestTableViewCell.swift; path = ../FriendRequestTableViewCell.swift; sourceTree = "<group>"; };
		F37285111ED52DF100A3E4A3 /* PinTableViewCell.swift */ = {isa = PBXFileReference; fileEncoding = 4; lastKnownFileType = sourcecode.swift; path = PinTableViewCell.swift; sourceTree = "<group>"; };
		F37811C91F0AF10400933ED3 /* GoogleService-Info.plist */ = {isa = PBXFileReference; fileEncoding = 4; lastKnownFileType = text.plist.xml; path = "GoogleService-Info.plist"; sourceTree = "<group>"; };
		F37CC4281EFC8BD4006AA013 /* Extensions.swift */ = {isa = PBXFileReference; fileEncoding = 4; lastKnownFileType = sourcecode.swift; path = Extensions.swift; sourceTree = "<group>"; };
		F37FE28E1EDEF17200496110 /* User.swift */ = {isa = PBXFileReference; fileEncoding = 4; lastKnownFileType = sourcecode.swift; path = User.swift; sourceTree = "<group>"; };
		F38699EB1EBD417E006D43E1 /* RegisterViewController.swift */ = {isa = PBXFileReference; fileEncoding = 4; lastKnownFileType = sourcecode.swift; path = RegisterViewController.swift; sourceTree = "<group>"; };
		F38699F21EBE500F006D43E1 /* MainViewController.swift */ = {isa = PBXFileReference; fileEncoding = 4; lastKnownFileType = sourcecode.swift; path = MainViewController.swift; sourceTree = "<group>"; };
		F39730531EBAE8BC00EADFC8 /* LoginViewController.swift */ = {isa = PBXFileReference; fileEncoding = 4; lastKnownFileType = sourcecode.swift; path = LoginViewController.swift; sourceTree = "<group>"; };
		F3B1642A1ECAC36A000BED95 /* SetAPinViewController.swift */ = {isa = PBXFileReference; fileEncoding = 4; lastKnownFileType = sourcecode.swift; path = SetAPinViewController.swift; sourceTree = "<group>"; };
		F3D250E11F09FE73006BA04E /* SWRevealViewController.h */ = {isa = PBXFileReference; lastKnownFileType = sourcecode.c.h; path = SWRevealViewController.h; sourceTree = "<group>"; };
		F3D250E21F09FE7C006BA04E /* SWRevealViewController.m */ = {isa = PBXFileReference; fileEncoding = 4; lastKnownFileType = sourcecode.c.objc; path = SWRevealViewController.m; sourceTree = "<group>"; };
		F3D2760B1ED3E29B0050F9F1 /* ShareViewController.swift */ = {isa = PBXFileReference; fileEncoding = 4; lastKnownFileType = sourcecode.swift; path = ShareViewController.swift; sourceTree = "<group>"; };
		F3DF45261F046F9E001E9056 /* LoadingOverlay.swift */ = {isa = PBXFileReference; fileEncoding = 4; lastKnownFileType = sourcecode.swift; path = LoadingOverlay.swift; sourceTree = "<group>"; };
/* End PBXFileReference section */

/* Begin PBXFrameworksBuildPhase section */
		F3169B9C1EB04809005DBCA0 /* Frameworks */ = {
			isa = PBXFrameworksBuildPhase;
			buildActionMask = 2147483647;
			files = (
				C32834AEF458E5B129020DC6 /* Pods_Spot_It.framework in Frameworks */,
			);
			runOnlyForDeploymentPostprocessing = 0;
		};
		F3169BB31EB04809005DBCA0 /* Frameworks */ = {
			isa = PBXFrameworksBuildPhase;
			buildActionMask = 2147483647;
			files = (
				DDA141BF656B200B292E7FC2 /* Pods_Spot_ItTests.framework in Frameworks */,
			);
			runOnlyForDeploymentPostprocessing = 0;
		};
/* End PBXFrameworksBuildPhase section */

/* Begin PBXGroup section */
		91F6B116B54425AA52840C5A /* Frameworks */ = {
			isa = PBXGroup;
			children = (
				86DF6B2B444A1D3251C5B66B /* Pods_Spot_It.framework */,
				C3AA1271E524F17D6ED617AF /* Pods_Spot_ItTests.framework */,
			);
			name = Frameworks;
			sourceTree = "<group>";
		};
		DF74C568BE5599DCD7F1BA47 /* Pods */ = {
			isa = PBXGroup;
			children = (
				5852638C610F9FE8876B8164 /* Pods-Spot It.debug.xcconfig */,
				4B90D45AA6BC8D65A8BD00D9 /* Pods-Spot It.release.xcconfig */,
				24BC8A2C99E9228620520AC7 /* Pods-Spot ItTests.debug.xcconfig */,
				4C79AC3E1C24D86899B78A27 /* Pods-Spot ItTests.release.xcconfig */,
			);
			name = Pods;
			sourceTree = "<group>";
		};
		F3169B961EB04809005DBCA0 = {
			isa = PBXGroup;
			children = (
				F3169BA11EB04809005DBCA0 /* Spot It */,
				F3169BB91EB04809005DBCA0 /* Spot ItTests */,
				F3169BA01EB04809005DBCA0 /* Products */,
				DF74C568BE5599DCD7F1BA47 /* Pods */,
				91F6B116B54425AA52840C5A /* Frameworks */,
			);
			sourceTree = "<group>";
		};
		F3169BA01EB04809005DBCA0 /* Products */ = {
			isa = PBXGroup;
			children = (
				F3169B9F1EB04809005DBCA0 /* Spot It.app */,
				F3169BB61EB04809005DBCA0 /* Spot ItTests.xctest */,
			);
			name = Products;
			sourceTree = "<group>";
		};
		F3169BA11EB04809005DBCA0 /* Spot It */ = {
			isa = PBXGroup;
			children = (
				F37CC4271EFC8BB8006AA013 /* Helpers */,
				F340B40E1EE19BD9002C5EA7 /* SWRevealViewController */,
				F3169BA21EB04809005DBCA0 /* AppDelegate.swift */,
				F37811C91F0AF10400933ED3 /* GoogleService-Info.plist */,
				F3169BA61EB04809005DBCA0 /* Main.storyboard */,
				F3169BAC1EB04809005DBCA0 /* Assets.xcassets */,
				F3169BAE1EB04809005DBCA0 /* LaunchScreen.storyboard */,
				F3169BB11EB04809005DBCA0 /* Info.plist */,
				F3169BA91EB04809005DBCA0 /* Spot It.xcdatamodeld */,
				F33A77AA1EF2BDA000A8FCF9 /* ViewControllers */,
				F33A77AB1EF2BE9200A8FCF9 /* TableViewCells */,
				F32B5D221ECBFA0000F28779 /* Pin.swift */,
				F37FE28E1EDEF17200496110 /* User.swift */,
				F32B5D241ECBFEA500F28779 /* VCMapView.swift */,
				F316C20E1EE97AB400FEF885 /* FireBaseDataObject.swift */,
				F3DF45261F046F9E001E9056 /* LoadingOverlay.swift */,
			);
			path = "Spot It";
			sourceTree = "<group>";
		};
		F3169BB91EB04809005DBCA0 /* Spot ItTests */ = {
			isa = PBXGroup;
			children = (
				F3169BBA1EB04809005DBCA0 /* CarFinderTests.swift */,
				F3169BBC1EB04809005DBCA0 /* Info.plist */,
			);
			name = "Spot ItTests";
			path = CarFinderTests;
			sourceTree = "<group>";
		};
		F33A77AA1EF2BDA000A8FCF9 /* ViewControllers */ = {
			isa = PBXGroup;
			children = (
				F39730531EBAE8BC00EADFC8 /* LoginViewController.swift */,
				F38699EB1EBD417E006D43E1 /* RegisterViewController.swift */,
				F38699F21EBE500F006D43E1 /* MainViewController.swift */,
				F3B1642A1ECAC36A000BED95 /* SetAPinViewController.swift */,
				F340B40C1EE19AEC002C5EA7 /* MenuController.swift */,
				F3D2760B1ED3E29B0050F9F1 /* ShareViewController.swift */,
				F33A77A61EF1F5FF00A8FCF9 /* FriendsViewController.swift */,
				F30D5E8E1EE597CC00F9C82D /* FindAFriendViewController.swift */,
				F33B50271EEECAA300719443 /* FriendRequestViewController.swift */,
				F34077DB1EF8905E00E02394 /* AccountViewController.swift */,
			);
			name = ViewControllers;
			sourceTree = "<group>";
		};
		F33A77AB1EF2BE9200A8FCF9 /* TableViewCells */ = {
			isa = PBXGroup;
			children = (
				F33A77A81EF2BB9300A8FCF9 /* FriendTableViewCell.swift */,
				F37285111ED52DF100A3E4A3 /* PinTableViewCell.swift */,
				F33421C11EED097F000CF148 /* UserTableViewCell.swift */,
				F34460521EF01EB400CAB26C /* FriendRequestTableViewCell.swift */,
				F33A77AC1EF39D7B00A8FCF9 /* FriendShareTableViewCell.swift */,
			);
			name = TableViewCells;
			sourceTree = "<group>";
		};
		F340B40E1EE19BD9002C5EA7 /* SWRevealViewController */ = {
			isa = PBXGroup;
			children = (
				F3D250E21F09FE7C006BA04E /* SWRevealViewController.m */,
				F3D250E11F09FE73006BA04E /* SWRevealViewController.h */,
				F340B4101EE19C07002C5EA7 /* Spot-It-Bridging-Header.h */,
			);
			name = SWRevealViewController;
			sourceTree = "<group>";
		};
		F37CC4271EFC8BB8006AA013 /* Helpers */ = {
			isa = PBXGroup;
			children = (
				F37CC4281EFC8BD4006AA013 /* Extensions.swift */,
			);
			name = Helpers;
			sourceTree = "<group>";
		};
/* End PBXGroup section */

/* Begin PBXNativeTarget section */
		F3169B9E1EB04809005DBCA0 /* Spot It */ = {
			isa = PBXNativeTarget;
			buildConfigurationList = F3169BBF1EB04809005DBCA0 /* Build configuration list for PBXNativeTarget "Spot It" */;
			buildPhases = (
				10621FCDE796294DCCE28F94 /* [CP] Check Pods Manifest.lock */,
				F3169B9B1EB04809005DBCA0 /* Sources */,
				F3169B9C1EB04809005DBCA0 /* Frameworks */,
				F3169B9D1EB04809005DBCA0 /* Resources */,
				95A0DA265F4D2F84E31BC6FF /* [CP] Embed Pods Frameworks */,
				1B4D61AB99D80603DFE2F6A0 /* [CP] Copy Pods Resources */,
			);
			buildRules = (
			);
			dependencies = (
			);
			name = "Spot It";
			productName = CarFinder;
			productReference = F3169B9F1EB04809005DBCA0 /* Spot It.app */;
			productType = "com.apple.product-type.application";
		};
		F3169BB51EB04809005DBCA0 /* Spot ItTests */ = {
			isa = PBXNativeTarget;
			buildConfigurationList = F3169BC21EB04809005DBCA0 /* Build configuration list for PBXNativeTarget "Spot ItTests" */;
			buildPhases = (
				7D043EFCE8C74F2BE96CEFF8 /* [CP] Check Pods Manifest.lock */,
				F3169BB21EB04809005DBCA0 /* Sources */,
				F3169BB31EB04809005DBCA0 /* Frameworks */,
				F3169BB41EB04809005DBCA0 /* Resources */,
				0C6F4BB047F3B7D3E4BD8A95 /* [CP] Embed Pods Frameworks */,
				863EF57BEBE5AF4ABE74E852 /* [CP] Copy Pods Resources */,
			);
			buildRules = (
			);
			dependencies = (
				F3169BB81EB04809005DBCA0 /* PBXTargetDependency */,
			);
			name = "Spot ItTests";
			productName = CarFinderTests;
			productReference = F3169BB61EB04809005DBCA0 /* Spot ItTests.xctest */;
			productType = "com.apple.product-type.bundle.unit-test";
		};
/* End PBXNativeTarget section */

/* Begin PBXProject section */
		F3169B971EB04809005DBCA0 /* Project object */ = {
			isa = PBXProject;
			attributes = {
				LastSwiftUpdateCheck = 0820;
				LastUpgradeCheck = 0820;
				ORGANIZATIONNAME = "alexander boswell";
				TargetAttributes = {
					F3169B9E1EB04809005DBCA0 = {
						CreatedOnToolsVersion = 8.2.1;
						DevelopmentTeam = A6N8P4N2HZ;
						LastSwiftMigration = 0830;
						ProvisioningStyle = Automatic;
					};
					F3169BB51EB04809005DBCA0 = {
						CreatedOnToolsVersion = 8.2.1;
						DevelopmentTeam = A6N8P4N2HZ;
						ProvisioningStyle = Automatic;
						TestTargetID = F3169B9E1EB04809005DBCA0;
					};
				};
			};
			buildConfigurationList = F3169B9A1EB04809005DBCA0 /* Build configuration list for PBXProject "Spot It" */;
			compatibilityVersion = "Xcode 3.2";
			developmentRegion = English;
			hasScannedForEncodings = 0;
			knownRegions = (
				en,
				Base,
			);
			mainGroup = F3169B961EB04809005DBCA0;
			productRefGroup = F3169BA01EB04809005DBCA0 /* Products */;
			projectDirPath = "";
			projectRoot = "";
			targets = (
				F3169B9E1EB04809005DBCA0 /* Spot It */,
				F3169BB51EB04809005DBCA0 /* Spot ItTests */,
			);
		};
/* End PBXProject section */

/* Begin PBXResourcesBuildPhase section */
		F3169B9D1EB04809005DBCA0 /* Resources */ = {
			isa = PBXResourcesBuildPhase;
			buildActionMask = 2147483647;
			files = (
				F3169BB01EB04809005DBCA0 /* LaunchScreen.storyboard in Resources */,
				F37811CA1F0AF10400933ED3 /* GoogleService-Info.plist in Resources */,
				F3169BAD1EB04809005DBCA0 /* Assets.xcassets in Resources */,
				F3169BA81EB04809005DBCA0 /* Main.storyboard in Resources */,
			);
			runOnlyForDeploymentPostprocessing = 0;
		};
		F3169BB41EB04809005DBCA0 /* Resources */ = {
			isa = PBXResourcesBuildPhase;
			buildActionMask = 2147483647;
			files = (
			);
			runOnlyForDeploymentPostprocessing = 0;
		};
/* End PBXResourcesBuildPhase section */

/* Begin PBXShellScriptBuildPhase section */
		0C6F4BB047F3B7D3E4BD8A95 /* [CP] Embed Pods Frameworks */ = {
			isa = PBXShellScriptBuildPhase;
			buildActionMask = 2147483647;
			files = (
			);
			inputPaths = (
			);
			name = "[CP] Embed Pods Frameworks";
			outputPaths = (
			);
			runOnlyForDeploymentPostprocessing = 0;
			shellPath = /bin/sh;
			shellScript = "\"${SRCROOT}/Pods/Target Support Files/Pods-Spot ItTests/Pods-Spot ItTests-frameworks.sh\"\n";
			showEnvVarsInLog = 0;
		};
		10621FCDE796294DCCE28F94 /* [CP] Check Pods Manifest.lock */ = {
			isa = PBXShellScriptBuildPhase;
			buildActionMask = 2147483647;
			files = (
			);
			inputPaths = (
			);
			name = "[CP] Check Pods Manifest.lock";
			outputPaths = (
			);
			runOnlyForDeploymentPostprocessing = 0;
			shellPath = /bin/sh;
			shellScript = "diff \"${PODS_PODFILE_DIR_PATH}/Podfile.lock\" \"${PODS_ROOT}/Manifest.lock\" > /dev/null\nif [ $? != 0 ] ; then\n    # print error to STDERR\n    echo \"error: The sandbox is not in sync with the Podfile.lock. Run 'pod install' or update your CocoaPods installation.\" >&2\n    exit 1\nfi\n";
			showEnvVarsInLog = 0;
		};
		1B4D61AB99D80603DFE2F6A0 /* [CP] Copy Pods Resources */ = {
			isa = PBXShellScriptBuildPhase;
			buildActionMask = 2147483647;
			files = (
			);
			inputPaths = (
			);
			name = "[CP] Copy Pods Resources";
			outputPaths = (
			);
			runOnlyForDeploymentPostprocessing = 0;
			shellPath = /bin/sh;
			shellScript = "\"${SRCROOT}/Pods/Target Support Files/Pods-Spot It/Pods-Spot It-resources.sh\"\n";
			showEnvVarsInLog = 0;
		};
		7D043EFCE8C74F2BE96CEFF8 /* [CP] Check Pods Manifest.lock */ = {
			isa = PBXShellScriptBuildPhase;
			buildActionMask = 2147483647;
			files = (
			);
			inputPaths = (
			);
			name = "[CP] Check Pods Manifest.lock";
			outputPaths = (
			);
			runOnlyForDeploymentPostprocessing = 0;
			shellPath = /bin/sh;
			shellScript = "diff \"${PODS_PODFILE_DIR_PATH}/Podfile.lock\" \"${PODS_ROOT}/Manifest.lock\" > /dev/null\nif [ $? != 0 ] ; then\n    # print error to STDERR\n    echo \"error: The sandbox is not in sync with the Podfile.lock. Run 'pod install' or update your CocoaPods installation.\" >&2\n    exit 1\nfi\n";
			showEnvVarsInLog = 0;
		};
		863EF57BEBE5AF4ABE74E852 /* [CP] Copy Pods Resources */ = {
			isa = PBXShellScriptBuildPhase;
			buildActionMask = 2147483647;
			files = (
			);
			inputPaths = (
			);
			name = "[CP] Copy Pods Resources";
			outputPaths = (
			);
			runOnlyForDeploymentPostprocessing = 0;
			shellPath = /bin/sh;
			shellScript = "\"${SRCROOT}/Pods/Target Support Files/Pods-Spot ItTests/Pods-Spot ItTests-resources.sh\"\n";
			showEnvVarsInLog = 0;
		};
		95A0DA265F4D2F84E31BC6FF /* [CP] Embed Pods Frameworks */ = {
			isa = PBXShellScriptBuildPhase;
			buildActionMask = 2147483647;
			files = (
			);
			inputPaths = (
			);
			name = "[CP] Embed Pods Frameworks";
			outputPaths = (
			);
			runOnlyForDeploymentPostprocessing = 0;
			shellPath = /bin/sh;
			shellScript = "\"${SRCROOT}/Pods/Target Support Files/Pods-Spot It/Pods-Spot It-frameworks.sh\"\n";
			showEnvVarsInLog = 0;
		};
/* End PBXShellScriptBuildPhase section */

/* Begin PBXSourcesBuildPhase section */
		F3169B9B1EB04809005DBCA0 /* Sources */ = {
			isa = PBXSourcesBuildPhase;
			buildActionMask = 2147483647;
			files = (
				F37CC4291EFC8BD4006AA013 /* Extensions.swift in Sources */,
				F37FE28F1EDEF17200496110 /* User.swift in Sources */,
				F32B5D231ECBFA0000F28779 /* Pin.swift in Sources */,
				F39730541EBAE8BC00EADFC8 /* LoginViewController.swift in Sources */,
				F3B1642B1ECAC36A000BED95 /* SetAPinViewController.swift in Sources */,
				F37285121ED52DF100A3E4A3 /* PinTableViewCell.swift in Sources */,
				F33A77AD1EF39D7B00A8FCF9 /* FriendShareTableViewCell.swift in Sources */,
				F316C20F1EE97AB400FEF885 /* FireBaseDataObject.swift in Sources */,
				F33A77A91EF2BB9300A8FCF9 /* FriendTableViewCell.swift in Sources */,
				F3169BAB1EB04809005DBCA0 /* Spot It.xcdatamodeld in Sources */,
				F32B5D251ECBFEA500F28779 /* VCMapView.swift in Sources */,
				F34077DC1EF8905E00E02394 /* AccountViewController.swift in Sources */,
				F3D250E31F09FE7C006BA04E /* SWRevealViewController.m in Sources */,
				F33B50281EEECAA300719443 /* FriendRequestViewController.swift in Sources */,
				F3169BA31EB04809005DBCA0 /* AppDelegate.swift in Sources */,
				F3D2760C1ED3E29B0050F9F1 /* ShareViewController.swift in Sources */,
				F38699EC1EBD417E006D43E1 /* RegisterViewController.swift in Sources */,
				F340B40D1EE19AEC002C5EA7 /* MenuController.swift in Sources */,
				F30D5E8F1EE597CC00F9C82D /* FindAFriendViewController.swift in Sources */,
				F33A77A71EF1F5FF00A8FCF9 /* FriendsViewController.swift in Sources */,
				F33421C21EED097F000CF148 /* UserTableViewCell.swift in Sources */,
				F34460531EF01EB400CAB26C /* FriendRequestTableViewCell.swift in Sources */,
				F38699F31EBE500F006D43E1 /* MainViewController.swift in Sources */,
				F3DF45271F046F9E001E9056 /* LoadingOverlay.swift in Sources */,
			);
			runOnlyForDeploymentPostprocessing = 0;
		};
		F3169BB21EB04809005DBCA0 /* Sources */ = {
			isa = PBXSourcesBuildPhase;
			buildActionMask = 2147483647;
			files = (
				F3169BBB1EB04809005DBCA0 /* CarFinderTests.swift in Sources */,
			);
			runOnlyForDeploymentPostprocessing = 0;
		};
/* End PBXSourcesBuildPhase section */

/* Begin PBXTargetDependency section */
		F3169BB81EB04809005DBCA0 /* PBXTargetDependency */ = {
			isa = PBXTargetDependency;
			target = F3169B9E1EB04809005DBCA0 /* Spot It */;
			targetProxy = F3169BB71EB04809005DBCA0 /* PBXContainerItemProxy */;
		};
/* End PBXTargetDependency section */

/* Begin PBXVariantGroup section */
		F3169BA61EB04809005DBCA0 /* Main.storyboard */ = {
			isa = PBXVariantGroup;
			children = (
				F3169BA71EB04809005DBCA0 /* Base */,
			);
			name = Main.storyboard;
			sourceTree = "<group>";
		};
		F3169BAE1EB04809005DBCA0 /* LaunchScreen.storyboard */ = {
			isa = PBXVariantGroup;
			children = (
				F3169BAF1EB04809005DBCA0 /* Base */,
			);
			name = LaunchScreen.storyboard;
			sourceTree = "<group>";
		};
/* End PBXVariantGroup section */

/* Begin XCBuildConfiguration section */
		F3169BBD1EB04809005DBCA0 /* Debug */ = {
			isa = XCBuildConfiguration;
			buildSettings = {
				ALWAYS_SEARCH_USER_PATHS = NO;
				CLANG_ANALYZER_NONNULL = YES;
				CLANG_CXX_LANGUAGE_STANDARD = "gnu++0x";
				CLANG_CXX_LIBRARY = "libc++";
				CLANG_ENABLE_MODULES = YES;
				CLANG_ENABLE_OBJC_ARC = YES;
				CLANG_WARN_BOOL_CONVERSION = YES;
				CLANG_WARN_CONSTANT_CONVERSION = YES;
				CLANG_WARN_DIRECT_OBJC_ISA_USAGE = YES_ERROR;
				CLANG_WARN_DOCUMENTATION_COMMENTS = YES;
				CLANG_WARN_EMPTY_BODY = YES;
				CLANG_WARN_ENUM_CONVERSION = YES;
				CLANG_WARN_INFINITE_RECURSION = YES;
				CLANG_WARN_INT_CONVERSION = YES;
				CLANG_WARN_OBJC_ROOT_CLASS = YES_ERROR;
				CLANG_WARN_SUSPICIOUS_MOVE = YES;
				CLANG_WARN_UNREACHABLE_CODE = YES;
				CLANG_WARN__DUPLICATE_METHOD_MATCH = YES;
				"CODE_SIGN_IDENTITY[sdk=iphoneos*]" = "iPhone Developer";
				COPY_PHASE_STRIP = NO;
				DEBUG_INFORMATION_FORMAT = dwarf;
				ENABLE_STRICT_OBJC_MSGSEND = YES;
				ENABLE_TESTABILITY = YES;
				GCC_C_LANGUAGE_STANDARD = gnu99;
				GCC_DYNAMIC_NO_PIC = NO;
				GCC_NO_COMMON_BLOCKS = YES;
				GCC_OPTIMIZATION_LEVEL = 0;
				GCC_PREPROCESSOR_DEFINITIONS = (
					"DEBUG=1",
					"$(inherited)",
				);
				GCC_WARN_64_TO_32_BIT_CONVERSION = YES;
				GCC_WARN_ABOUT_RETURN_TYPE = YES_ERROR;
				GCC_WARN_UNDECLARED_SELECTOR = YES;
				GCC_WARN_UNINITIALIZED_AUTOS = YES_AGGRESSIVE;
				GCC_WARN_UNUSED_FUNCTION = YES;
				GCC_WARN_UNUSED_VARIABLE = YES;
				IPHONEOS_DEPLOYMENT_TARGET = 10.2;
				MTL_ENABLE_DEBUG_INFO = YES;
				ONLY_ACTIVE_ARCH = YES;
				SDKROOT = iphoneos;
				SWIFT_ACTIVE_COMPILATION_CONDITIONS = DEBUG;
				SWIFT_OPTIMIZATION_LEVEL = "-Onone";
				TARGETED_DEVICE_FAMILY = "1,2";
			};
			name = Debug;
		};
		F3169BBE1EB04809005DBCA0 /* Release */ = {
			isa = XCBuildConfiguration;
			buildSettings = {
				ALWAYS_SEARCH_USER_PATHS = NO;
				CLANG_ANALYZER_NONNULL = YES;
				CLANG_CXX_LANGUAGE_STANDARD = "gnu++0x";
				CLANG_CXX_LIBRARY = "libc++";
				CLANG_ENABLE_MODULES = YES;
				CLANG_ENABLE_OBJC_ARC = YES;
				CLANG_WARN_BOOL_CONVERSION = YES;
				CLANG_WARN_CONSTANT_CONVERSION = YES;
				CLANG_WARN_DIRECT_OBJC_ISA_USAGE = YES_ERROR;
				CLANG_WARN_DOCUMENTATION_COMMENTS = YES;
				CLANG_WARN_EMPTY_BODY = YES;
				CLANG_WARN_ENUM_CONVERSION = YES;
				CLANG_WARN_INFINITE_RECURSION = YES;
				CLANG_WARN_INT_CONVERSION = YES;
				CLANG_WARN_OBJC_ROOT_CLASS = YES_ERROR;
				CLANG_WARN_SUSPICIOUS_MOVE = YES;
				CLANG_WARN_UNREACHABLE_CODE = YES;
				CLANG_WARN__DUPLICATE_METHOD_MATCH = YES;
				"CODE_SIGN_IDENTITY[sdk=iphoneos*]" = "iPhone Developer";
				COPY_PHASE_STRIP = NO;
				DEBUG_INFORMATION_FORMAT = "dwarf-with-dsym";
				ENABLE_NS_ASSERTIONS = NO;
				ENABLE_STRICT_OBJC_MSGSEND = YES;
				GCC_C_LANGUAGE_STANDARD = gnu99;
				GCC_NO_COMMON_BLOCKS = YES;
				GCC_WARN_64_TO_32_BIT_CONVERSION = YES;
				GCC_WARN_ABOUT_RETURN_TYPE = YES_ERROR;
				GCC_WARN_UNDECLARED_SELECTOR = YES;
				GCC_WARN_UNINITIALIZED_AUTOS = YES_AGGRESSIVE;
				GCC_WARN_UNUSED_FUNCTION = YES;
				GCC_WARN_UNUSED_VARIABLE = YES;
				IPHONEOS_DEPLOYMENT_TARGET = 10.2;
				MTL_ENABLE_DEBUG_INFO = NO;
				SDKROOT = iphoneos;
				SWIFT_OPTIMIZATION_LEVEL = "-Owholemodule";
				TARGETED_DEVICE_FAMILY = "1,2";
				VALIDATE_PRODUCT = YES;
			};
			name = Release;
		};
		F3169BC01EB04809005DBCA0 /* Debug */ = {
			isa = XCBuildConfiguration;
			baseConfigurationReference = 5852638C610F9FE8876B8164 /* Pods-Spot It.debug.xcconfig */;
			buildSettings = {
				ASSETCATALOG_COMPILER_APPICON_NAME = AppIcon;
				CLANG_ENABLE_MODULES = YES;
				DEVELOPMENT_TEAM = A6N8P4N2HZ;
				INFOPLIST_FILE = "Spot It/Info.plist";
				LD_RUNPATH_SEARCH_PATHS = "$(inherited) @executable_path/Frameworks";
				PRODUCT_BUNDLE_IDENTIFIER = com.bozzy.SpotIt;
				PRODUCT_NAME = "$(TARGET_NAME)";
				SWIFT_OBJC_BRIDGING_HEADER = "Spot It/Spot-It-Bridging-Header.h";
				SWIFT_OPTIMIZATION_LEVEL = "-Onone";
				SWIFT_VERSION = 3.0;
				TARGETED_DEVICE_FAMILY = 1;
			};
			name = Debug;
		};
		F3169BC11EB04809005DBCA0 /* Release */ = {
			isa = XCBuildConfiguration;
			baseConfigurationReference = 4B90D45AA6BC8D65A8BD00D9 /* Pods-Spot It.release.xcconfig */;
			buildSettings = {
				ASSETCATALOG_COMPILER_APPICON_NAME = AppIcon;
				CLANG_ENABLE_MODULES = YES;
				DEVELOPMENT_TEAM = A6N8P4N2HZ;
				INFOPLIST_FILE = "Spot It/Info.plist";
				LD_RUNPATH_SEARCH_PATHS = "$(inherited) @executable_path/Frameworks";
				PRODUCT_BUNDLE_IDENTIFIER = com.bozzy.SpotIt;
				PRODUCT_NAME = "$(TARGET_NAME)";
				SWIFT_OBJC_BRIDGING_HEADER = "Spot It/Spot-It-Bridging-Header.h";
				SWIFT_VERSION = 3.0;
				TARGETED_DEVICE_FAMILY = 1;
			};
			name = Release;
		};
		F3169BC31EB04809005DBCA0 /* Debug */ = {
			isa = XCBuildConfiguration;
			baseConfigurationReference = 24BC8A2C99E9228620520AC7 /* Pods-Spot ItTests.debug.xcconfig */;
			buildSettings = {
				ALWAYS_EMBED_SWIFT_STANDARD_LIBRARIES = YES;
				BUNDLE_LOADER = "$(TEST_HOST)";
				DEVELOPMENT_TEAM = A6N8P4N2HZ;
				INFOPLIST_FILE = CarFinderTests/Info.plist;
				LD_RUNPATH_SEARCH_PATHS = "$(inherited) @executable_path/Frameworks @loader_path/Frameworks";
				PRODUCT_BUNDLE_IDENTIFIER = com.bozzy.CarFinderTests;
				PRODUCT_NAME = "$(TARGET_NAME)";
				SWIFT_VERSION = 3.0;
				TEST_HOST = "$(BUILT_PRODUCTS_DIR)/Spot It.app/Spot It";
			};
			name = Debug;
		};
		F3169BC41EB04809005DBCA0 /* Release */ = {
			isa = XCBuildConfiguration;
			baseConfigurationReference = 4C79AC3E1C24D86899B78A27 /* Pods-Spot ItTests.release.xcconfig */;
			buildSettings = {
				ALWAYS_EMBED_SWIFT_STANDARD_LIBRARIES = YES;
				BUNDLE_LOADER = "$(TEST_HOST)";
				DEVELOPMENT_TEAM = A6N8P4N2HZ;
				INFOPLIST_FILE = CarFinderTests/Info.plist;
				LD_RUNPATH_SEARCH_PATHS = "$(inherited) @executable_path/Frameworks @loader_path/Frameworks";
				PRODUCT_BUNDLE_IDENTIFIER = com.bozzy.CarFinderTests;
				PRODUCT_NAME = "$(TARGET_NAME)";
				SWIFT_VERSION = 3.0;
				TEST_HOST = "$(BUILT_PRODUCTS_DIR)/Spot It.app/Spot It";
			};
			name = Release;
		};
/* End XCBuildConfiguration section */

/* Begin XCConfigurationList section */
		F3169B9A1EB04809005DBCA0 /* Build configuration list for PBXProject "Spot It" */ = {
			isa = XCConfigurationList;
			buildConfigurations = (
				F3169BBD1EB04809005DBCA0 /* Debug */,
				F3169BBE1EB04809005DBCA0 /* Release */,
			);
			defaultConfigurationIsVisible = 0;
			defaultConfigurationName = Release;
		};
		F3169BBF1EB04809005DBCA0 /* Build configuration list for PBXNativeTarget "Spot It" */ = {
			isa = XCConfigurationList;
			buildConfigurations = (
				F3169BC01EB04809005DBCA0 /* Debug */,
				F3169BC11EB04809005DBCA0 /* Release */,
			);
			defaultConfigurationIsVisible = 0;
			defaultConfigurationName = Release;
		};
		F3169BC21EB04809005DBCA0 /* Build configuration list for PBXNativeTarget "Spot ItTests" */ = {
			isa = XCConfigurationList;
			buildConfigurations = (
				F3169BC31EB04809005DBCA0 /* Debug */,
				F3169BC41EB04809005DBCA0 /* Release */,
			);
			defaultConfigurationIsVisible = 0;
			defaultConfigurationName = Release;
		};
/* End XCConfigurationList section */

/* Begin XCVersionGroup section */
		F3169BA91EB04809005DBCA0 /* Spot It.xcdatamodeld */ = {
			isa = XCVersionGroup;
			children = (
				F3169BAA1EB04809005DBCA0 /* Spot It.xcdatamodel */,
			);
			currentVersion = F3169BAA1EB04809005DBCA0 /* Spot It.xcdatamodel */;
			path = "Spot It.xcdatamodeld";
			sourceTree = "<group>";
			versionGroupType = wrapper.xcdatamodel;
		};
/* End XCVersionGroup section */
	};
	rootObject = F3169B971EB04809005DBCA0 /* Project object */;
}
