// !$*UTF8*$!
{
	archiveVersion = 1;
	classes = {
	};
	objectVersion = 46;
	objects = {

/* Begin PBXBuildFile section */
		10842854A368032FC5BA302B /* Pods_CarFinder.framework in Frameworks */ = {isa = PBXBuildFile; fileRef = 91AFB58E093D3DCF109BED16 /* Pods_CarFinder.framework */; };
		3675858AB547C730D562A0E1 /* Pods_CarFinderTests.framework in Frameworks */ = {isa = PBXBuildFile; fileRef = 9477765B632D4153073CEE94 /* Pods_CarFinderTests.framework */; };
		F30D5E8F1EE597CC00F9C82D /* FindAFriendViewController.swift in Sources */ = {isa = PBXBuildFile; fileRef = F30D5E8E1EE597CC00F9C82D /* FindAFriendViewController.swift */; };
		F3169BA31EB04809005DBCA0 /* AppDelegate.swift in Sources */ = {isa = PBXBuildFile; fileRef = F3169BA21EB04809005DBCA0 /* AppDelegate.swift */; };
		F3169BA81EB04809005DBCA0 /* Main.storyboard in Resources */ = {isa = PBXBuildFile; fileRef = F3169BA61EB04809005DBCA0 /* Main.storyboard */; };
		F3169BAB1EB04809005DBCA0 /* CarFinder.xcdatamodeld in Sources */ = {isa = PBXBuildFile; fileRef = F3169BA91EB04809005DBCA0 /* CarFinder.xcdatamodeld */; };
		F3169BAD1EB04809005DBCA0 /* Assets.xcassets in Resources */ = {isa = PBXBuildFile; fileRef = F3169BAC1EB04809005DBCA0 /* Assets.xcassets */; };
		F3169BB01EB04809005DBCA0 /* LaunchScreen.storyboard in Resources */ = {isa = PBXBuildFile; fileRef = F3169BAE1EB04809005DBCA0 /* LaunchScreen.storyboard */; };
		F3169BBB1EB04809005DBCA0 /* CarFinderTests.swift in Sources */ = {isa = PBXBuildFile; fileRef = F3169BBA1EB04809005DBCA0 /* CarFinderTests.swift */; };
		F316C20F1EE97AB400FEF885 /* FireBaseDataObject.swift in Sources */ = {isa = PBXBuildFile; fileRef = F316C20E1EE97AB400FEF885 /* FireBaseDataObject.swift */; };
		F32B5D231ECBFA0000F28779 /* Pin.swift in Sources */ = {isa = PBXBuildFile; fileRef = F32B5D221ECBFA0000F28779 /* Pin.swift */; };
		F32B5D251ECBFEA500F28779 /* VCMapView.swift in Sources */ = {isa = PBXBuildFile; fileRef = F32B5D241ECBFEA500F28779 /* VCMapView.swift */; };
		F340B40D1EE19AEC002C5EA7 /* MenuController.swift in Sources */ = {isa = PBXBuildFile; fileRef = F340B40C1EE19AEC002C5EA7 /* MenuController.swift */; };
		F340B4121EE19C07002C5EA7 /* SWRevealViewController.m in Sources */ = {isa = PBXBuildFile; fileRef = F340B4111EE19C07002C5EA7 /* SWRevealViewController.m */; };
		F37285121ED52DF100A3E4A3 /* PinTableViewCell.swift in Sources */ = {isa = PBXBuildFile; fileRef = F37285111ED52DF100A3E4A3 /* PinTableViewCell.swift */; };
		F37FE28F1EDEF17200496110 /* User.swift in Sources */ = {isa = PBXBuildFile; fileRef = F37FE28E1EDEF17200496110 /* User.swift */; };
		F38699EC1EBD417E006D43E1 /* RegisterViewController.swift in Sources */ = {isa = PBXBuildFile; fileRef = F38699EB1EBD417E006D43E1 /* RegisterViewController.swift */; };
		F38699F31EBE500F006D43E1 /* MainViewController.swift in Sources */ = {isa = PBXBuildFile; fileRef = F38699F21EBE500F006D43E1 /* MainViewController.swift */; };
		F39730521EBACD8A00EADFC8 /* GoogleService-Info.plist in Resources */ = {isa = PBXBuildFile; fileRef = F39730511EBACD8A00EADFC8 /* GoogleService-Info.plist */; };
		F39730541EBAE8BC00EADFC8 /* LoginViewController.swift in Sources */ = {isa = PBXBuildFile; fileRef = F39730531EBAE8BC00EADFC8 /* LoginViewController.swift */; };
		F3B1642B1ECAC36A000BED95 /* SetAPinViewController.swift in Sources */ = {isa = PBXBuildFile; fileRef = F3B1642A1ECAC36A000BED95 /* SetAPinViewController.swift */; };
		F3D2760C1ED3E29B0050F9F1 /* ShareViewController.swift in Sources */ = {isa = PBXBuildFile; fileRef = F3D2760B1ED3E29B0050F9F1 /* ShareViewController.swift */; };
		F3D276101ED3FC3C0050F9F1 /* TempSingleton.swift in Sources */ = {isa = PBXBuildFile; fileRef = F3D2760F1ED3FC3C0050F9F1 /* TempSingleton.swift */; };
/* End PBXBuildFile section */

/* Begin PBXContainerItemProxy section */
		F3169BB71EB04809005DBCA0 /* PBXContainerItemProxy */ = {
			isa = PBXContainerItemProxy;
			containerPortal = F3169B971EB04809005DBCA0 /* Project object */;
			proxyType = 1;
			remoteGlobalIDString = F3169B9E1EB04809005DBCA0;
			remoteInfo = CarFinder;
		};
/* End PBXContainerItemProxy section */

/* Begin PBXFileReference section */
		91AFB58E093D3DCF109BED16 /* Pods_CarFinder.framework */ = {isa = PBXFileReference; explicitFileType = wrapper.framework; includeInIndex = 0; path = Pods_CarFinder.framework; sourceTree = BUILT_PRODUCTS_DIR; };
		9477765B632D4153073CEE94 /* Pods_CarFinderTests.framework */ = {isa = PBXFileReference; explicitFileType = wrapper.framework; includeInIndex = 0; path = Pods_CarFinderTests.framework; sourceTree = BUILT_PRODUCTS_DIR; };
		D6E0EC1BE30A6B1BFEC575E3 /* Pods-CarFinderTests.debug.xcconfig */ = {isa = PBXFileReference; includeInIndex = 1; lastKnownFileType = text.xcconfig; name = "Pods-CarFinderTests.debug.xcconfig"; path = "Pods/Target Support Files/Pods-CarFinderTests/Pods-CarFinderTests.debug.xcconfig"; sourceTree = "<group>"; };
		EF6BEFF0CAC2EBFDB5F6E5D9 /* Pods-CarFinder.release.xcconfig */ = {isa = PBXFileReference; includeInIndex = 1; lastKnownFileType = text.xcconfig; name = "Pods-CarFinder.release.xcconfig"; path = "Pods/Target Support Files/Pods-CarFinder/Pods-CarFinder.release.xcconfig"; sourceTree = "<group>"; };
		F30D5E8E1EE597CC00F9C82D /* FindAFriendViewController.swift */ = {isa = PBXFileReference; fileEncoding = 4; lastKnownFileType = sourcecode.swift; path = FindAFriendViewController.swift; sourceTree = "<group>"; };
		F3169B9F1EB04809005DBCA0 /* CarFinder.app */ = {isa = PBXFileReference; explicitFileType = wrapper.application; includeInIndex = 0; path = CarFinder.app; sourceTree = BUILT_PRODUCTS_DIR; };
		F3169BA21EB04809005DBCA0 /* AppDelegate.swift */ = {isa = PBXFileReference; lastKnownFileType = sourcecode.swift; path = AppDelegate.swift; sourceTree = "<group>"; };
		F3169BA71EB04809005DBCA0 /* Base */ = {isa = PBXFileReference; lastKnownFileType = file.storyboard; name = Base; path = Base.lproj/Main.storyboard; sourceTree = "<group>"; };
		F3169BAA1EB04809005DBCA0 /* CarFinder.xcdatamodel */ = {isa = PBXFileReference; lastKnownFileType = wrapper.xcdatamodel; path = CarFinder.xcdatamodel; sourceTree = "<group>"; };
		F3169BAC1EB04809005DBCA0 /* Assets.xcassets */ = {isa = PBXFileReference; lastKnownFileType = folder.assetcatalog; path = Assets.xcassets; sourceTree = "<group>"; };
		F3169BAF1EB04809005DBCA0 /* Base */ = {isa = PBXFileReference; lastKnownFileType = file.storyboard; name = Base; path = Base.lproj/LaunchScreen.storyboard; sourceTree = "<group>"; };
		F3169BB11EB04809005DBCA0 /* Info.plist */ = {isa = PBXFileReference; lastKnownFileType = text.plist.xml; path = Info.plist; sourceTree = "<group>"; };
		F3169BB61EB04809005DBCA0 /* CarFinderTests.xctest */ = {isa = PBXFileReference; explicitFileType = wrapper.cfbundle; includeInIndex = 0; path = CarFinderTests.xctest; sourceTree = BUILT_PRODUCTS_DIR; };
		F3169BBA1EB04809005DBCA0 /* CarFinderTests.swift */ = {isa = PBXFileReference; lastKnownFileType = sourcecode.swift; path = CarFinderTests.swift; sourceTree = "<group>"; };
		F3169BBC1EB04809005DBCA0 /* Info.plist */ = {isa = PBXFileReference; lastKnownFileType = text.plist.xml; path = Info.plist; sourceTree = "<group>"; };
		F316C20E1EE97AB400FEF885 /* FireBaseDataObject.swift */ = {isa = PBXFileReference; fileEncoding = 4; lastKnownFileType = sourcecode.swift; path = FireBaseDataObject.swift; sourceTree = "<group>"; };
		F32B5D221ECBFA0000F28779 /* Pin.swift */ = {isa = PBXFileReference; fileEncoding = 4; lastKnownFileType = sourcecode.swift; path = Pin.swift; sourceTree = "<group>"; };
		F32B5D241ECBFEA500F28779 /* VCMapView.swift */ = {isa = PBXFileReference; fileEncoding = 4; lastKnownFileType = sourcecode.swift; path = VCMapView.swift; sourceTree = "<group>"; };
		F340B40C1EE19AEC002C5EA7 /* MenuController.swift */ = {isa = PBXFileReference; fileEncoding = 4; lastKnownFileType = sourcecode.swift; path = MenuController.swift; sourceTree = "<group>"; };
		F340B40F1EE19BFF002C5EA7 /* SWRevealViewController.h */ = {isa = PBXFileReference; lastKnownFileType = sourcecode.c.h; name = SWRevealViewController.h; path = "../../../../Downloads/SidebarMenu 2/SidebarMenu/SWRevealViewController.h"; sourceTree = "<group>"; };
		F340B4101EE19C07002C5EA7 /* CarFinder-Bridging-Header.h */ = {isa = PBXFileReference; lastKnownFileType = sourcecode.c.h; path = "CarFinder-Bridging-Header.h"; sourceTree = "<group>"; };
		F340B4111EE19C07002C5EA7 /* SWRevealViewController.m */ = {isa = PBXFileReference; fileEncoding = 4; lastKnownFileType = sourcecode.c.objc; name = SWRevealViewController.m; path = "../../../../Downloads/SidebarMenu 2/SidebarMenu/SWRevealViewController.m"; sourceTree = "<group>"; };
		F37285111ED52DF100A3E4A3 /* PinTableViewCell.swift */ = {isa = PBXFileReference; fileEncoding = 4; lastKnownFileType = sourcecode.swift; path = PinTableViewCell.swift; sourceTree = "<group>"; };
		F37FE28E1EDEF17200496110 /* User.swift */ = {isa = PBXFileReference; fileEncoding = 4; lastKnownFileType = sourcecode.swift; path = User.swift; sourceTree = "<group>"; };
		F38699EB1EBD417E006D43E1 /* RegisterViewController.swift */ = {isa = PBXFileReference; fileEncoding = 4; lastKnownFileType = sourcecode.swift; path = RegisterViewController.swift; sourceTree = "<group>"; };
		F38699F21EBE500F006D43E1 /* MainViewController.swift */ = {isa = PBXFileReference; fileEncoding = 4; lastKnownFileType = sourcecode.swift; path = MainViewController.swift; sourceTree = "<group>"; };
		F39730511EBACD8A00EADFC8 /* GoogleService-Info.plist */ = {isa = PBXFileReference; fileEncoding = 4; lastKnownFileType = text.plist.xml; path = "GoogleService-Info.plist"; sourceTree = "<group>"; };
		F39730531EBAE8BC00EADFC8 /* LoginViewController.swift */ = {isa = PBXFileReference; fileEncoding = 4; lastKnownFileType = sourcecode.swift; path = LoginViewController.swift; sourceTree = "<group>"; };
		F3B1642A1ECAC36A000BED95 /* SetAPinViewController.swift */ = {isa = PBXFileReference; fileEncoding = 4; lastKnownFileType = sourcecode.swift; path = SetAPinViewController.swift; sourceTree = "<group>"; };
		F3D2760B1ED3E29B0050F9F1 /* ShareViewController.swift */ = {isa = PBXFileReference; fileEncoding = 4; lastKnownFileType = sourcecode.swift; path = ShareViewController.swift; sourceTree = "<group>"; };
		F3D2760F1ED3FC3C0050F9F1 /* TempSingleton.swift */ = {isa = PBXFileReference; fileEncoding = 4; lastKnownFileType = sourcecode.swift; path = TempSingleton.swift; sourceTree = "<group>"; };
		F41E576C10FF67310C54E3CA /* Pods-CarFinderTests.release.xcconfig */ = {isa = PBXFileReference; includeInIndex = 1; lastKnownFileType = text.xcconfig; name = "Pods-CarFinderTests.release.xcconfig"; path = "Pods/Target Support Files/Pods-CarFinderTests/Pods-CarFinderTests.release.xcconfig"; sourceTree = "<group>"; };
		FBB82EB1B6B5BD56E2413750 /* Pods-CarFinder.debug.xcconfig */ = {isa = PBXFileReference; includeInIndex = 1; lastKnownFileType = text.xcconfig; name = "Pods-CarFinder.debug.xcconfig"; path = "Pods/Target Support Files/Pods-CarFinder/Pods-CarFinder.debug.xcconfig"; sourceTree = "<group>"; };
/* End PBXFileReference section */

/* Begin PBXFrameworksBuildPhase section */
		F3169B9C1EB04809005DBCA0 /* Frameworks */ = {
			isa = PBXFrameworksBuildPhase;
			buildActionMask = 2147483647;
			files = (
				10842854A368032FC5BA302B /* Pods_CarFinder.framework in Frameworks */,
			);
			runOnlyForDeploymentPostprocessing = 0;
		};
		F3169BB31EB04809005DBCA0 /* Frameworks */ = {
			isa = PBXFrameworksBuildPhase;
			buildActionMask = 2147483647;
			files = (
				3675858AB547C730D562A0E1 /* Pods_CarFinderTests.framework in Frameworks */,
			);
			runOnlyForDeploymentPostprocessing = 0;
		};
/* End PBXFrameworksBuildPhase section */

/* Begin PBXGroup section */
		2F0A8745AA12E7F52ED35BA6 /* Pods */ = {
			isa = PBXGroup;
			children = (
				FBB82EB1B6B5BD56E2413750 /* Pods-CarFinder.debug.xcconfig */,
				EF6BEFF0CAC2EBFDB5F6E5D9 /* Pods-CarFinder.release.xcconfig */,
				D6E0EC1BE30A6B1BFEC575E3 /* Pods-CarFinderTests.debug.xcconfig */,
				F41E576C10FF67310C54E3CA /* Pods-CarFinderTests.release.xcconfig */,
			);
			name = Pods;
			sourceTree = "<group>";
		};
		4E8C6B7DF28C28AB467B3E03 /* Frameworks */ = {
			isa = PBXGroup;
			children = (
				91AFB58E093D3DCF109BED16 /* Pods_CarFinder.framework */,
				9477765B632D4153073CEE94 /* Pods_CarFinderTests.framework */,
			);
			name = Frameworks;
			sourceTree = "<group>";
		};
		F3169B961EB04809005DBCA0 = {
			isa = PBXGroup;
			children = (
				F3169BA11EB04809005DBCA0 /* CarFinder */,
				F3169BB91EB04809005DBCA0 /* CarFinderTests */,
				F3169BA01EB04809005DBCA0 /* Products */,
				2F0A8745AA12E7F52ED35BA6 /* Pods */,
				4E8C6B7DF28C28AB467B3E03 /* Frameworks */,
			);
			sourceTree = "<group>";
		};
		F3169BA01EB04809005DBCA0 /* Products */ = {
			isa = PBXGroup;
			children = (
				F3169B9F1EB04809005DBCA0 /* CarFinder.app */,
				F3169BB61EB04809005DBCA0 /* CarFinderTests.xctest */,
			);
			name = Products;
			sourceTree = "<group>";
		};
		F3169BA11EB04809005DBCA0 /* CarFinder */ = {
			isa = PBXGroup;
			children = (
				F340B40E1EE19BD9002C5EA7 /* SWRevealViewController */,
				F39730511EBACD8A00EADFC8 /* GoogleService-Info.plist */,
				F3169BA21EB04809005DBCA0 /* AppDelegate.swift */,
				F3169BA61EB04809005DBCA0 /* Main.storyboard */,
				F3169BAC1EB04809005DBCA0 /* Assets.xcassets */,
				F3169BAE1EB04809005DBCA0 /* LaunchScreen.storyboard */,
				F3169BB11EB04809005DBCA0 /* Info.plist */,
				F3169BA91EB04809005DBCA0 /* CarFinder.xcdatamodeld */,
				F39730531EBAE8BC00EADFC8 /* LoginViewController.swift */,
				F38699EB1EBD417E006D43E1 /* RegisterViewController.swift */,
				F38699F21EBE500F006D43E1 /* MainViewController.swift */,
				F3B1642A1ECAC36A000BED95 /* SetAPinViewController.swift */,
				F32B5D221ECBFA0000F28779 /* Pin.swift */,
				F32B5D241ECBFEA500F28779 /* VCMapView.swift */,
				F3D2760B1ED3E29B0050F9F1 /* ShareViewController.swift */,
				F3D2760F1ED3FC3C0050F9F1 /* TempSingleton.swift */,
				F37285111ED52DF100A3E4A3 /* PinTableViewCell.swift */,
				F37FE28E1EDEF17200496110 /* User.swift */,
				F340B40C1EE19AEC002C5EA7 /* MenuController.swift */,
				F316C20E1EE97AB400FEF885 /* FireBaseDataObject.swift */,
				F30D5E8E1EE597CC00F9C82D /* FindAFriendViewController.swift */,
			);
			path = CarFinder;
			sourceTree = "<group>";
		};
		F3169BB91EB04809005DBCA0 /* CarFinderTests */ = {
			isa = PBXGroup;
			children = (
				F3169BBA1EB04809005DBCA0 /* CarFinderTests.swift */,
				F3169BBC1EB04809005DBCA0 /* Info.plist */,
			);
			path = CarFinderTests;
			sourceTree = "<group>";
		};
		F340B40E1EE19BD9002C5EA7 /* SWRevealViewController */ = {
			isa = PBXGroup;
			children = (
				F340B4111EE19C07002C5EA7 /* SWRevealViewController.m */,
				F340B40F1EE19BFF002C5EA7 /* SWRevealViewController.h */,
				F340B4101EE19C07002C5EA7 /* CarFinder-Bridging-Header.h */,
			);
			name = SWRevealViewController;
			sourceTree = "<group>";
		};
/* End PBXGroup section */

/* Begin PBXNativeTarget section */
		F3169B9E1EB04809005DBCA0 /* CarFinder */ = {
			isa = PBXNativeTarget;
			buildConfigurationList = F3169BBF1EB04809005DBCA0 /* Build configuration list for PBXNativeTarget "CarFinder" */;
			buildPhases = (
				77A80C6ECA81AF22F99ADA4D /* [CP] Check Pods Manifest.lock */,
				F3169B9B1EB04809005DBCA0 /* Sources */,
				F3169B9C1EB04809005DBCA0 /* Frameworks */,
				F3169B9D1EB04809005DBCA0 /* Resources */,
				9C09690089C7FD814BED235D /* [CP] Embed Pods Frameworks */,
				01B6965D15AA62FAF3B622C9 /* [CP] Copy Pods Resources */,
			);
			buildRules = (
			);
			dependencies = (
			);
			name = CarFinder;
			productName = CarFinder;
			productReference = F3169B9F1EB04809005DBCA0 /* CarFinder.app */;
			productType = "com.apple.product-type.application";
		};
		F3169BB51EB04809005DBCA0 /* CarFinderTests */ = {
			isa = PBXNativeTarget;
			buildConfigurationList = F3169BC21EB04809005DBCA0 /* Build configuration list for PBXNativeTarget "CarFinderTests" */;
			buildPhases = (
				E4522D5C2038E88D262F307F /* [CP] Check Pods Manifest.lock */,
				F3169BB21EB04809005DBCA0 /* Sources */,
				F3169BB31EB04809005DBCA0 /* Frameworks */,
				F3169BB41EB04809005DBCA0 /* Resources */,
				D80B4A7719595546F257E977 /* [CP] Embed Pods Frameworks */,
				B4A09D30A3222C0D18DF5AC6 /* [CP] Copy Pods Resources */,
			);
			buildRules = (
			);
			dependencies = (
				F3169BB81EB04809005DBCA0 /* PBXTargetDependency */,
			);
			name = CarFinderTests;
			productName = CarFinderTests;
			productReference = F3169BB61EB04809005DBCA0 /* CarFinderTests.xctest */;
			productType = "com.apple.product-type.bundle.unit-test";
		};
/* End PBXNativeTarget section */

/* Begin PBXProject section */
		F3169B971EB04809005DBCA0 /* Project object */ = {
			isa = PBXProject;
			attributes = {
				LastSwiftUpdateCheck = 0820;
				LastUpgradeCheck = 0820;
				ORGANIZATIONNAME = "alexander boswell";
				TargetAttributes = {
					F3169B9E1EB04809005DBCA0 = {
						CreatedOnToolsVersion = 8.2.1;
						DevelopmentTeam = A6N8P4N2HZ;
						LastSwiftMigration = 0830;
						ProvisioningStyle = Automatic;
					};
					F3169BB51EB04809005DBCA0 = {
						CreatedOnToolsVersion = 8.2.1;
						DevelopmentTeam = A6N8P4N2HZ;
						ProvisioningStyle = Automatic;
						TestTargetID = F3169B9E1EB04809005DBCA0;
					};
				};
			};
			buildConfigurationList = F3169B9A1EB04809005DBCA0 /* Build configuration list for PBXProject "CarFinder" */;
			compatibilityVersion = "Xcode 3.2";
			developmentRegion = English;
			hasScannedForEncodings = 0;
			knownRegions = (
				en,
				Base,
			);
			mainGroup = F3169B961EB04809005DBCA0;
			productRefGroup = F3169BA01EB04809005DBCA0 /* Products */;
			projectDirPath = "";
			projectRoot = "";
			targets = (
				F3169B9E1EB04809005DBCA0 /* CarFinder */,
				F3169BB51EB04809005DBCA0 /* CarFinderTests */,
			);
		};
/* End PBXProject section */

/* Begin PBXResourcesBuildPhase section */
		F3169B9D1EB04809005DBCA0 /* Resources */ = {
			isa = PBXResourcesBuildPhase;
			buildActionMask = 2147483647;
			files = (
				F3169BB01EB04809005DBCA0 /* LaunchScreen.storyboard in Resources */,
				F39730521EBACD8A00EADFC8 /* GoogleService-Info.plist in Resources */,
				F3169BAD1EB04809005DBCA0 /* Assets.xcassets in Resources */,
				F3169BA81EB04809005DBCA0 /* Main.storyboard in Resources */,
			);
			runOnlyForDeploymentPostprocessing = 0;
		};
		F3169BB41EB04809005DBCA0 /* Resources */ = {
			isa = PBXResourcesBuildPhase;
			buildActionMask = 2147483647;
			files = (
			);
			runOnlyForDeploymentPostprocessing = 0;
		};
/* End PBXResourcesBuildPhase section */

/* Begin PBXShellScriptBuildPhase section */
		01B6965D15AA62FAF3B622C9 /* [CP] Copy Pods Resources */ = {
			isa = PBXShellScriptBuildPhase;
			buildActionMask = 2147483647;
			files = (
			);
			inputPaths = (
			);
			name = "[CP] Copy Pods Resources";
			outputPaths = (
			);
			runOnlyForDeploymentPostprocessing = 0;
			shellPath = /bin/sh;
			shellScript = "\"${SRCROOT}/Pods/Target Support Files/Pods-CarFinder/Pods-CarFinder-resources.sh\"\n";
			showEnvVarsInLog = 0;
		};
		77A80C6ECA81AF22F99ADA4D /* [CP] Check Pods Manifest.lock */ = {
			isa = PBXShellScriptBuildPhase;
			buildActionMask = 2147483647;
			files = (
			);
			inputPaths = (
			);
			name = "[CP] Check Pods Manifest.lock";
			outputPaths = (
			);
			runOnlyForDeploymentPostprocessing = 0;
			shellPath = /bin/sh;
			shellScript = "diff \"${PODS_PODFILE_DIR_PATH}/Podfile.lock\" \"${PODS_ROOT}/Manifest.lock\" > /dev/null\nif [ $? != 0 ] ; then\n    # print error to STDERR\n    echo \"error: The sandbox is not in sync with the Podfile.lock. Run 'pod install' or update your CocoaPods installation.\" >&2\n    exit 1\nfi\n";
			showEnvVarsInLog = 0;
		};
		9C09690089C7FD814BED235D /* [CP] Embed Pods Frameworks */ = {
			isa = PBXShellScriptBuildPhase;
			buildActionMask = 2147483647;
			files = (
			);
			inputPaths = (
			);
			name = "[CP] Embed Pods Frameworks";
			outputPaths = (
			);
			runOnlyForDeploymentPostprocessing = 0;
			shellPath = /bin/sh;
			shellScript = "\"${SRCROOT}/Pods/Target Support Files/Pods-CarFinder/Pods-CarFinder-frameworks.sh\"\n";
			showEnvVarsInLog = 0;
		};
		B4A09D30A3222C0D18DF5AC6 /* [CP] Copy Pods Resources */ = {
			isa = PBXShellScriptBuildPhase;
			buildActionMask = 2147483647;
			files = (
			);
			inputPaths = (
			);
			name = "[CP] Copy Pods Resources";
			outputPaths = (
			);
			runOnlyForDeploymentPostprocessing = 0;
			shellPath = /bin/sh;
			shellScript = "\"${SRCROOT}/Pods/Target Support Files/Pods-CarFinderTests/Pods-CarFinderTests-resources.sh\"\n";
			showEnvVarsInLog = 0;
		};
		D80B4A7719595546F257E977 /* [CP] Embed Pods Frameworks */ = {
			isa = PBXShellScriptBuildPhase;
			buildActionMask = 2147483647;
			files = (
			);
			inputPaths = (
			);
			name = "[CP] Embed Pods Frameworks";
			outputPaths = (
			);
			runOnlyForDeploymentPostprocessing = 0;
			shellPath = /bin/sh;
			shellScript = "\"${SRCROOT}/Pods/Target Support Files/Pods-CarFinderTests/Pods-CarFinderTests-frameworks.sh\"\n";
			showEnvVarsInLog = 0;
		};
		E4522D5C2038E88D262F307F /* [CP] Check Pods Manifest.lock */ = {
			isa = PBXShellScriptBuildPhase;
			buildActionMask = 2147483647;
			files = (
			);
			inputPaths = (
			);
			name = "[CP] Check Pods Manifest.lock";
			outputPaths = (
			);
			runOnlyForDeploymentPostprocessing = 0;
			shellPath = /bin/sh;
			shellScript = "diff \"${PODS_PODFILE_DIR_PATH}/Podfile.lock\" \"${PODS_ROOT}/Manifest.lock\" > /dev/null\nif [ $? != 0 ] ; then\n    # print error to STDERR\n    echo \"error: The sandbox is not in sync with the Podfile.lock. Run 'pod install' or update your CocoaPods installation.\" >&2\n    exit 1\nfi\n";
			showEnvVarsInLog = 0;
		};
/* End PBXShellScriptBuildPhase section */

/* Begin PBXSourcesBuildPhase section */
		F3169B9B1EB04809005DBCA0 /* Sources */ = {
			isa = PBXSourcesBuildPhase;
			buildActionMask = 2147483647;
			files = (
				F37FE28F1EDEF17200496110 /* User.swift in Sources */,
				F32B5D231ECBFA0000F28779 /* Pin.swift in Sources */,
				F39730541EBAE8BC00EADFC8 /* LoginViewController.swift in Sources */,
				F3B1642B1ECAC36A000BED95 /* SetAPinViewController.swift in Sources */,
				F37285121ED52DF100A3E4A3 /* PinTableViewCell.swift in Sources */,
				F316C20F1EE97AB400FEF885 /* FireBaseDataObject.swift in Sources */,
				F3169BAB1EB04809005DBCA0 /* CarFinder.xcdatamodeld in Sources */,
				F32B5D251ECBFEA500F28779 /* VCMapView.swift in Sources */,
				F340B4121EE19C07002C5EA7 /* SWRevealViewController.m in Sources */,
				F3169BA31EB04809005DBCA0 /* AppDelegate.swift in Sources */,
				F3D2760C1ED3E29B0050F9F1 /* ShareViewController.swift in Sources */,
				F3D276101ED3FC3C0050F9F1 /* TempSingleton.swift in Sources */,
				F38699EC1EBD417E006D43E1 /* RegisterViewController.swift in Sources */,
				F340B40D1EE19AEC002C5EA7 /* MenuController.swift in Sources */,
				F30D5E8F1EE597CC00F9C82D /* FindAFriendViewController.swift in Sources */,
				F38699F31EBE500F006D43E1 /* MainViewController.swift in Sources */,
			);
			runOnlyForDeploymentPostprocessing = 0;
		};
		F3169BB21EB04809005DBCA0 /* Sources */ = {
			isa = PBXSourcesBuildPhase;
			buildActionMask = 2147483647;
			files = (
				F3169BBB1EB04809005DBCA0 /* CarFinderTests.swift in Sources */,
			);
			runOnlyForDeploymentPostprocessing = 0;
		};
/* End PBXSourcesBuildPhase section */

/* Begin PBXTargetDependency section */
		F3169BB81EB04809005DBCA0 /* PBXTargetDependency */ = {
			isa = PBXTargetDependency;
			target = F3169B9E1EB04809005DBCA0 /* CarFinder */;
			targetProxy = F3169BB71EB04809005DBCA0 /* PBXContainerItemProxy */;
		};
/* End PBXTargetDependency section */

/* Begin PBXVariantGroup section */
		F3169BA61EB04809005DBCA0 /* Main.storyboard */ = {
			isa = PBXVariantGroup;
			children = (
				F3169BA71EB04809005DBCA0 /* Base */,
			);
			name = Main.storyboard;
			sourceTree = "<group>";
		};
		F3169BAE1EB04809005DBCA0 /* LaunchScreen.storyboard */ = {
			isa = PBXVariantGroup;
			children = (
				F3169BAF1EB04809005DBCA0 /* Base */,
			);
			name = LaunchScreen.storyboard;
			sourceTree = "<group>";
		};
/* End PBXVariantGroup section */

/* Begin XCBuildConfiguration section */
		F3169BBD1EB04809005DBCA0 /* Debug */ = {
			isa = XCBuildConfiguration;
			buildSettings = {
				ALWAYS_SEARCH_USER_PATHS = NO;
				CLANG_ANALYZER_NONNULL = YES;
				CLANG_CXX_LANGUAGE_STANDARD = "gnu++0x";
				CLANG_CXX_LIBRARY = "libc++";
				CLANG_ENABLE_MODULES = YES;
				CLANG_ENABLE_OBJC_ARC = YES;
				CLANG_WARN_BOOL_CONVERSION = YES;
				CLANG_WARN_CONSTANT_CONVERSION = YES;
				CLANG_WARN_DIRECT_OBJC_ISA_USAGE = YES_ERROR;
				CLANG_WARN_DOCUMENTATION_COMMENTS = YES;
				CLANG_WARN_EMPTY_BODY = YES;
				CLANG_WARN_ENUM_CONVERSION = YES;
				CLANG_WARN_INFINITE_RECURSION = YES;
				CLANG_WARN_INT_CONVERSION = YES;
				CLANG_WARN_OBJC_ROOT_CLASS = YES_ERROR;
				CLANG_WARN_SUSPICIOUS_MOVE = YES;
				CLANG_WARN_UNREACHABLE_CODE = YES;
				CLANG_WARN__DUPLICATE_METHOD_MATCH = YES;
				"CODE_SIGN_IDENTITY[sdk=iphoneos*]" = "iPhone Developer";
				COPY_PHASE_STRIP = NO;
				DEBUG_INFORMATION_FORMAT = dwarf;
				ENABLE_STRICT_OBJC_MSGSEND = YES;
				ENABLE_TESTABILITY = YES;
				GCC_C_LANGUAGE_STANDARD = gnu99;
				GCC_DYNAMIC_NO_PIC = NO;
				GCC_NO_COMMON_BLOCKS = YES;
				GCC_OPTIMIZATION_LEVEL = 0;
				GCC_PREPROCESSOR_DEFINITIONS = (
					"DEBUG=1",
					"$(inherited)",
				);
				GCC_WARN_64_TO_32_BIT_CONVERSION = YES;
				GCC_WARN_ABOUT_RETURN_TYPE = YES_ERROR;
				GCC_WARN_UNDECLARED_SELECTOR = YES;
				GCC_WARN_UNINITIALIZED_AUTOS = YES_AGGRESSIVE;
				GCC_WARN_UNUSED_FUNCTION = YES;
				GCC_WARN_UNUSED_VARIABLE = YES;
				IPHONEOS_DEPLOYMENT_TARGET = 10.2;
				MTL_ENABLE_DEBUG_INFO = YES;
				ONLY_ACTIVE_ARCH = YES;
				SDKROOT = iphoneos;
				SWIFT_ACTIVE_COMPILATION_CONDITIONS = DEBUG;
				SWIFT_OPTIMIZATION_LEVEL = "-Onone";
				TARGETED_DEVICE_FAMILY = "1,2";
			};
			name = Debug;
		};
		F3169BBE1EB04809005DBCA0 /* Release */ = {
			isa = XCBuildConfiguration;
			buildSettings = {
				ALWAYS_SEARCH_USER_PATHS = NO;
				CLANG_ANALYZER_NONNULL = YES;
				CLANG_CXX_LANGUAGE_STANDARD = "gnu++0x";
				CLANG_CXX_LIBRARY = "libc++";
				CLANG_ENABLE_MODULES = YES;
				CLANG_ENABLE_OBJC_ARC = YES;
				CLANG_WARN_BOOL_CONVERSION = YES;
				CLANG_WARN_CONSTANT_CONVERSION = YES;
				CLANG_WARN_DIRECT_OBJC_ISA_USAGE = YES_ERROR;
				CLANG_WARN_DOCUMENTATION_COMMENTS = YES;
				CLANG_WARN_EMPTY_BODY = YES;
				CLANG_WARN_ENUM_CONVERSION = YES;
				CLANG_WARN_INFINITE_RECURSION = YES;
				CLANG_WARN_INT_CONVERSION = YES;
				CLANG_WARN_OBJC_ROOT_CLASS = YES_ERROR;
				CLANG_WARN_SUSPICIOUS_MOVE = YES;
				CLANG_WARN_UNREACHABLE_CODE = YES;
				CLANG_WARN__DUPLICATE_METHOD_MATCH = YES;
				"CODE_SIGN_IDENTITY[sdk=iphoneos*]" = "iPhone Developer";
				COPY_PHASE_STRIP = NO;
				DEBUG_INFORMATION_FORMAT = "dwarf-with-dsym";
				ENABLE_NS_ASSERTIONS = NO;
				ENABLE_STRICT_OBJC_MSGSEND = YES;
				GCC_C_LANGUAGE_STANDARD = gnu99;
				GCC_NO_COMMON_BLOCKS = YES;
				GCC_WARN_64_TO_32_BIT_CONVERSION = YES;
				GCC_WARN_ABOUT_RETURN_TYPE = YES_ERROR;
				GCC_WARN_UNDECLARED_SELECTOR = YES;
				GCC_WARN_UNINITIALIZED_AUTOS = YES_AGGRESSIVE;
				GCC_WARN_UNUSED_FUNCTION = YES;
				GCC_WARN_UNUSED_VARIABLE = YES;
				IPHONEOS_DEPLOYMENT_TARGET = 10.2;
				MTL_ENABLE_DEBUG_INFO = NO;
				SDKROOT = iphoneos;
				SWIFT_OPTIMIZATION_LEVEL = "-Owholemodule";
				TARGETED_DEVICE_FAMILY = "1,2";
				VALIDATE_PRODUCT = YES;
			};
			name = Release;
		};
		F3169BC01EB04809005DBCA0 /* Debug */ = {
			isa = XCBuildConfiguration;
			baseConfigurationReference = FBB82EB1B6B5BD56E2413750 /* Pods-CarFinder.debug.xcconfig */;
			buildSettings = {
				ASSETCATALOG_COMPILER_APPICON_NAME = AppIcon;
				CLANG_ENABLE_MODULES = YES;
				DEVELOPMENT_TEAM = A6N8P4N2HZ;
				INFOPLIST_FILE = CarFinder/Info.plist;
				LD_RUNPATH_SEARCH_PATHS = "$(inherited) @executable_path/Frameworks";
				PRODUCT_BUNDLE_IDENTIFIER = com.bozzy.CarFinder;
				PRODUCT_NAME = "$(TARGET_NAME)";
				SWIFT_OBJC_BRIDGING_HEADER = "CarFinder/CarFinder-Bridging-Header.h";
				SWIFT_OPTIMIZATION_LEVEL = "-Onone";
				SWIFT_VERSION = 3.0;
			};
			name = Debug;
		};
		F3169BC11EB04809005DBCA0 /* Release */ = {
			isa = XCBuildConfiguration;
			baseConfigurationReference = EF6BEFF0CAC2EBFDB5F6E5D9 /* Pods-CarFinder.release.xcconfig */;
			buildSettings = {
				ASSETCATALOG_COMPILER_APPICON_NAME = AppIcon;
				CLANG_ENABLE_MODULES = YES;
				DEVELOPMENT_TEAM = A6N8P4N2HZ;
				INFOPLIST_FILE = CarFinder/Info.plist;
				LD_RUNPATH_SEARCH_PATHS = "$(inherited) @executable_path/Frameworks";
				PRODUCT_BUNDLE_IDENTIFIER = com.bozzy.CarFinder;
				PRODUCT_NAME = "$(TARGET_NAME)";
				SWIFT_OBJC_BRIDGING_HEADER = "CarFinder/CarFinder-Bridging-Header.h";
				SWIFT_VERSION = 3.0;
			};
			name = Release;
		};
		F3169BC31EB04809005DBCA0 /* Debug */ = {
			isa = XCBuildConfiguration;
			baseConfigurationReference = D6E0EC1BE30A6B1BFEC575E3 /* Pods-CarFinderTests.debug.xcconfig */;
			buildSettings = {
				ALWAYS_EMBED_SWIFT_STANDARD_LIBRARIES = YES;
				BUNDLE_LOADER = "$(TEST_HOST)";
				DEVELOPMENT_TEAM = A6N8P4N2HZ;
				INFOPLIST_FILE = CarFinderTests/Info.plist;
				LD_RUNPATH_SEARCH_PATHS = "$(inherited) @executable_path/Frameworks @loader_path/Frameworks";
				PRODUCT_BUNDLE_IDENTIFIER = com.bozzy.CarFinderTests;
				PRODUCT_NAME = "$(TARGET_NAME)";
				SWIFT_VERSION = 3.0;
				TEST_HOST = "$(BUILT_PRODUCTS_DIR)/CarFinder.app/CarFinder";
			};
			name = Debug;
		};
		F3169BC41EB04809005DBCA0 /* Release */ = {
			isa = XCBuildConfiguration;
			baseConfigurationReference = F41E576C10FF67310C54E3CA /* Pods-CarFinderTests.release.xcconfig */;
			buildSettings = {
				ALWAYS_EMBED_SWIFT_STANDARD_LIBRARIES = YES;
				BUNDLE_LOADER = "$(TEST_HOST)";
				DEVELOPMENT_TEAM = A6N8P4N2HZ;
				INFOPLIST_FILE = CarFinderTests/Info.plist;
				LD_RUNPATH_SEARCH_PATHS = "$(inherited) @executable_path/Frameworks @loader_path/Frameworks";
				PRODUCT_BUNDLE_IDENTIFIER = com.bozzy.CarFinderTests;
				PRODUCT_NAME = "$(TARGET_NAME)";
				SWIFT_VERSION = 3.0;
				TEST_HOST = "$(BUILT_PRODUCTS_DIR)/CarFinder.app/CarFinder";
			};
			name = Release;
		};
/* End XCBuildConfiguration section */

/* Begin XCConfigurationList section */
		F3169B9A1EB04809005DBCA0 /* Build configuration list for PBXProject "CarFinder" */ = {
			isa = XCConfigurationList;
			buildConfigurations = (
				F3169BBD1EB04809005DBCA0 /* Debug */,
				F3169BBE1EB04809005DBCA0 /* Release */,
			);
			defaultConfigurationIsVisible = 0;
			defaultConfigurationName = Release;
		};
		F3169BBF1EB04809005DBCA0 /* Build configuration list for PBXNativeTarget "CarFinder" */ = {
			isa = XCConfigurationList;
			buildConfigurations = (
				F3169BC01EB04809005DBCA0 /* Debug */,
				F3169BC11EB04809005DBCA0 /* Release */,
			);
			defaultConfigurationIsVisible = 0;
			defaultConfigurationName = Release;
		};
		F3169BC21EB04809005DBCA0 /* Build configuration list for PBXNativeTarget "CarFinderTests" */ = {
			isa = XCConfigurationList;
			buildConfigurations = (
				F3169BC31EB04809005DBCA0 /* Debug */,
				F3169BC41EB04809005DBCA0 /* Release */,
			);
			defaultConfigurationIsVisible = 0;
			defaultConfigurationName = Release;
		};
/* End XCConfigurationList section */

/* Begin XCVersionGroup section */
		F3169BA91EB04809005DBCA0 /* CarFinder.xcdatamodeld */ = {
			isa = XCVersionGroup;
			children = (
				F3169BAA1EB04809005DBCA0 /* CarFinder.xcdatamodel */,
			);
			currentVersion = F3169BAA1EB04809005DBCA0 /* CarFinder.xcdatamodel */;
			path = CarFinder.xcdatamodeld;
			sourceTree = "<group>";
			versionGroupType = wrapper.xcdatamodel;
		};
/* End XCVersionGroup section */
	};
	rootObject = F3169B971EB04809005DBCA0 /* Project object */;
}
